
Microsoft Visual Studio Solution File, Format Version 12.00
# Visual Studio Version 16
VisualStudioVersion = 16.0.30309.148
MinimumVisualStudioVersion = 10.0.40219.1
Project("{FAE04EC0-301F-11D3-BF4B-00C04F79EFBC}") = "ChatApp", "ChatApp\ChatApp.csproj", "{697F266B-3E67-48F0-84B8-EE7BE0252611}"
EndProject
Global
	GlobalSection(SolutionConfigurationPlatforms) = preSolution
		Debug|Any CPU = Debug|Any CPU
		Release|Any CPU = Release|Any CPU
	EndGlobalSection
	GlobalSection(ProjectConfigurationPlatforms) = postSolution
		{697F266B-3E67-48F0-84B8-EE7BE0252611}.Debug|Any CPU.ActiveCfg = Debug|Any CPU
		{697F266B-3E67-48F0-84B8-EE7BE0252611}.Debug|Any CPU.Build.0 = Debug|Any CPU
		{697F266B-3E67-48F0-84B8-EE7BE0252611}.Release|Any CPU.ActiveCfg = Release|Any CPU
		{697F266B-3E67-48F0-84B8-EE7BE0252611}.Release|Any CPU.Build.0 = Release|Any CPU
	EndGlobalSection
	GlobalSection(SolutionProperties) = preSolution
		HideSolutionNode = FALSE
	EndGlobalSection
	GlobalSection(ExtensibilityGlobals) = postSolution
		SolutionGuid = {53111659-9ABA-466B-8650-14083A8D10FC}
	EndGlobalSection
EndGlobal
